
Microsoft Visual Studio Solution File, Format Version 12.00
# Visual Studio Version 16
VisualStudioVersion = 16.0.30804.86
MinimumVisualStudioVersion = 10.0.40219.1
Project("{FAE04EC0-301F-11D3-BF4B-00C04F79EFBC}") = "Traveltech", "Traveltech\Traveltech.csproj", "{20FA42E8-57CD-45A9-9AE6-79E0BBA95FAD}"
EndProject
Global
	GlobalSection(SolutionConfigurationPlatforms) = preSolution
		Debug|Any CPU = Debug|Any CPU
		Release|Any CPU = Release|Any CPU
	EndGlobalSection
	GlobalSection(ProjectConfigurationPlatforms) = postSolution
		{20FA42E8-57CD-45A9-9AE6-79E0BBA95FAD}.Debug|Any CPU.ActiveCfg = Debug|Any CPU
		{20FA42E8-57CD-45A9-9AE6-79E0BBA95FAD}.Debug|Any CPU.Build.0 = Debug|Any CPU
		{20FA42E8-57CD-45A9-9AE6-79E0BBA95FAD}.Release|Any CPU.ActiveCfg = Release|Any CPU
		{20FA42E8-57CD-45A9-9AE6-79E0BBA95FAD}.Release|Any CPU.Build.0 = Release|Any CPU
	EndGlobalSection
	GlobalSection(SolutionProperties) = preSolution
		HideSolutionNode = FALSE
	EndGlobalSection
	GlobalSection(ExtensibilityGlobals) = postSolution
		SolutionGuid = {7046CCA2-9AE2-43FF-A229-DEF08AF70149}
	EndGlobalSection
EndGlobal
